
Microsoft Visual Studio Solution File, Format Version 12.00
# Visual Studio Version 17
VisualStudioVersion = 17.14.37111.16
MinimumVisualStudioVersion = 10.0.40219.1
Project("{FAE04EC0-301F-11D3-BF4B-00C04F79EFBC}") = "es2Files", "es2Files\es2Files.csproj", "{7CF4034F-51F2-4029-9E29-B453B0245164}"
EndProject
Project("{FAE04EC0-301F-11D3-BF4B-00C04F79EFBC}") = "es3Files", "es3Files\es3Files.csproj", "{731051E5-58C4-44A9-B232-23E25C789F41}"
EndProject
Project("{FAE04EC0-301F-11D3-BF4B-00C04F79EFBC}") = "es4Files", "es4Files\es4Files.csproj", "{9136F243-E6F3-465D-AFB2-03E3397DE80C}"
EndProject
Global
	GlobalSection(SolutionConfigurationPlatforms) = preSolution
		Debug|Any CPU = Debug|Any CPU
		Release|Any CPU = Release|Any CPU
	EndGlobalSection
	GlobalSection(ProjectConfigurationPlatforms) = postSolution
		{7CF4034F-51F2-4029-9E29-B453B0245164}.Debug|Any CPU.ActiveCfg = Debug|Any CPU
		{7CF4034F-51F2-4029-9E29-B453B0245164}.Debug|Any CPU.Build.0 = Debug|Any CPU
		{7CF4034F-51F2-4029-9E29-B453B0245164}.Release|Any CPU.ActiveCfg = Release|Any CPU
		{7CF4034F-51F2-4029-9E29-B453B0245164}.Release|Any CPU.Build.0 = Release|Any CPU
		{731051E5-58C4-44A9-B232-23E25C789F41}.Debug|Any CPU.ActiveCfg = Debug|Any CPU
		{731051E5-58C4-44A9-B232-23E25C789F41}.Debug|Any CPU.Build.0 = Debug|Any CPU
		{731051E5-58C4-44A9-B232-23E25C789F41}.Release|Any CPU.ActiveCfg = Release|Any CPU
		{731051E5-58C4-44A9-B232-23E25C789F41}.Release|Any CPU.Build.0 = Release|Any CPU
		{9136F243-E6F3-465D-AFB2-03E3397DE80C}.Debug|Any CPU.ActiveCfg = Debug|Any CPU
		{9136F243-E6F3-465D-AFB2-03E3397DE80C}.Debug|Any CPU.Build.0 = Debug|Any CPU
		{9136F243-E6F3-465D-AFB2-03E3397DE80C}.Release|Any CPU.ActiveCfg = Release|Any CPU
		{9136F243-E6F3-465D-AFB2-03E3397DE80C}.Release|Any CPU.Build.0 = Release|Any CPU
	EndGlobalSection
	GlobalSection(SolutionProperties) = preSolution
		HideSolutionNode = FALSE
	EndGlobalSection
	GlobalSection(ExtensibilityGlobals) = postSolution
		SolutionGuid = {CB055DDD-D7D4-454A-BF04-308876861BA2}
	EndGlobalSection
EndGlobal
